
Microsoft Visual Studio Solution File, Format Version 12.00
# Visual Studio Version 17
VisualStudioVersion = 17.11.35327.3
MinimumVisualStudioVersion = 10.0.40219.1
Project("{9A19103F-16F7-4668-BE54-9A1E7A4F7556}") = "BusinessObject", "BusinessObject\BusinessObject.csproj", "{ABBF793E-33B4-4BD8-95D2-AF65F7F8D6BD}"
EndProject
Project("{9A19103F-16F7-4668-BE54-9A1E7A4F7556}") = "WebAPIProject", "WebAPIProject\WebAPIProject.csproj", "{35CBB5D9-7106-4893-872E-D6B4CB9434C9}"
EndProject
Project("{9A19103F-16F7-4668-BE54-9A1E7A4F7556}") = "WebClient", "WebClient\WebClient.csproj", "{3DEBBFAF-AA99-4CF2-B321-7093AE2F44FE}"
EndProject
Project("{FAE04EC0-301F-11D3-BF4B-00C04F79EFBC}") = "ManagerTeacher", "ManagerTeacher\ManagerTeacher.csproj", "{D131A5FC-7041-451D-9F3F-33C2C460C0CA}"
EndProject
Global
	GlobalSection(SolutionConfigurationPlatforms) = preSolution
		Debug|Any CPU = Debug|Any CPU
		Release|Any CPU = Release|Any CPU
	EndGlobalSection
	GlobalSection(ProjectConfigurationPlatforms) = postSolution
		{ABBF793E-33B4-4BD8-95D2-AF65F7F8D6BD}.Debug|Any CPU.ActiveCfg = Debug|Any CPU
		{ABBF793E-33B4-4BD8-95D2-AF65F7F8D6BD}.Debug|Any CPU.Build.0 = Debug|Any CPU
		{ABBF793E-33B4-4BD8-95D2-AF65F7F8D6BD}.Release|Any CPU.ActiveCfg = Release|Any CPU
		{ABBF793E-33B4-4BD8-95D2-AF65F7F8D6BD}.Release|Any CPU.Build.0 = Release|Any CPU
		{35CBB5D9-7106-4893-872E-D6B4CB9434C9}.Debug|Any CPU.ActiveCfg = Debug|Any CPU
		{35CBB5D9-7106-4893-872E-D6B4CB9434C9}.Debug|Any CPU.Build.0 = Debug|Any CPU
		{35CBB5D9-7106-4893-872E-D6B4CB9434C9}.Release|Any CPU.ActiveCfg = Release|Any CPU
		{35CBB5D9-7106-4893-872E-D6B4CB9434C9}.Release|Any CPU.Build.0 = Release|Any CPU
		{3DEBBFAF-AA99-4CF2-B321-7093AE2F44FE}.Debug|Any CPU.ActiveCfg = Debug|Any CPU
		{3DEBBFAF-AA99-4CF2-B321-7093AE2F44FE}.Debug|Any CPU.Build.0 = Debug|Any CPU
		{3DEBBFAF-AA99-4CF2-B321-7093AE2F44FE}.Release|Any CPU.ActiveCfg = Release|Any CPU
		{3DEBBFAF-AA99-4CF2-B321-7093AE2F44FE}.Release|Any CPU.Build.0 = Release|Any CPU
		{D131A5FC-7041-451D-9F3F-33C2C460C0CA}.Debug|Any CPU.ActiveCfg = Debug|Any CPU
		{D131A5FC-7041-451D-9F3F-33C2C460C0CA}.Debug|Any CPU.Build.0 = Debug|Any CPU
		{D131A5FC-7041-451D-9F3F-33C2C460C0CA}.Release|Any CPU.ActiveCfg = Release|Any CPU
		{D131A5FC-7041-451D-9F3F-33C2C460C0CA}.Release|Any CPU.Build.0 = Release|Any CPU
	EndGlobalSection
	GlobalSection(SolutionProperties) = preSolution
		HideSolutionNode = FALSE
	EndGlobalSection
	GlobalSection(ExtensibilityGlobals) = postSolution
		SolutionGuid = {ADA6C062-E06E-46A6-8913-67E85F289ECF}
	EndGlobalSection
EndGlobal
